
Microsoft Visual Studio Solution File, Format Version 12.00
# Visual Studio Version 16
VisualStudioVersion = 16.0.29411.108
MinimumVisualStudioVersion = 10.0.40219.1
Project("{8BC9CEB8-8B4A-11D0-8D11-00A0C91BC942}") = "cw1_zadanie1", "c++_szkola\c++_szkola.vcxproj", "{DE31306E-DEC3-4E7E-AA45-CA20E65C638F}"
EndProject
Project("{8BC9CEB8-8B4A-11D0-8D11-00A0C91BC942}") = "cw1_zadanie2", "cw1_zadanie2\cw1_zadanie2.vcxproj", "{B68EDF4E-B5CA-491E-A28C-8648B9385FC6}"
EndProject
Project("{8BC9CEB8-8B4A-11D0-8D11-00A0C91BC942}") = "cw1_zadanie3", "cw1_zadanie3\cw1_zadanie3.vcxproj", "{A5CA3AB6-7A66-4B2D-A663-264579398F60}"
EndProject
Project("{8BC9CEB8-8B4A-11D0-8D11-00A0C91BC942}") = "cw2_zadanie1", "cw2_zadanie1\cw2_zadanie1.vcxproj", "{889EF949-1B86-437A-9741-FFB60D905CF6}"
EndProject
Project("{8BC9CEB8-8B4A-11D0-8D11-00A0C91BC942}") = "cw2_zadanie2", "cw2_zadanie2\cw2_zadanie2.vcxproj", "{5F724379-CD52-4417-ABC3-E99D31CDAE38}"
EndProject
Project("{8BC9CEB8-8B4A-11D0-8D11-00A0C91BC942}") = "cw2_zadanie3", "cw3_zadanie3\cw3_zadanie3.vcxproj", "{20D7E5DF-60A4-4027-813C-455889A03F36}"
EndProject
Project("{8BC9CEB8-8B4A-11D0-8D11-00A0C91BC942}") = "cw3_zadanie1", "cw3_zadanie1\cw3_zadanie1.vcxproj", "{49CE6B0E-A113-4AD9-9BA5-8C2855957E34}"
EndProject
Project("{8BC9CEB8-8B4A-11D0-8D11-00A0C91BC942}") = "cw3_zadanie2", "cw3_zadanie2\cw3_zadanie2.vcxproj", "{2DA80A70-5A49-4A30-9B06-C8A74085783B}"
EndProject
Project("{8BC9CEB8-8B4A-11D0-8D11-00A0C91BC942}") = "cw3_zadanie03", "cw3_zadanie03\cw3_zadanie03.vcxproj", "{99B5DDCD-9166-4638-9DB4-C1B5646F27D6}"
EndProject
Project("{8BC9CEB8-8B4A-11D0-8D11-00A0C91BC942}") = "cw3_zadanie4", "cw3_zadanie4\cw3_zadanie4.vcxproj", "{078A3AD3-59A7-419E-9424-C4E66B14441F}"
EndProject
Project("{8BC9CEB8-8B4A-11D0-8D11-00A0C91BC942}") = "cw4_zadanie1", "cw4_zadanie1\cw4_zadanie1.vcxproj", "{1B7299B8-4633-4D44-8BD3-F2BDBE99710F}"
EndProject
Project("{8BC9CEB8-8B4A-11D0-8D11-00A0C91BC942}") = "cw4_zadanie2", "cw4_zadanie2\cw4_zadanie2.vcxproj", "{BDE0DC7A-5464-4D39-8819-3C003EF51144}"
EndProject
Project("{8BC9CEB8-8B4A-11D0-8D11-00A0C91BC942}") = "cw4_zadanie3", "cw4_zadanie3\cw4_zadanie3.vcxproj", "{AC266122-64E4-45E1-9C70-7AEEDBC88A72}"
EndProject
Project("{8BC9CEB8-8B4A-11D0-8D11-00A0C91BC942}") = "cw4_zadanie4", "cw4_zadanie4\cw4_zadanie4.vcxproj", "{6D008136-37A3-4046-80E3-520B019414F8}"
EndProject
Project("{8BC9CEB8-8B4A-11D0-8D11-00A0C91BC942}") = "cw4_zadanie5", "cw4_zadanie5\cw4_zadanie5.vcxproj", "{FD12C924-F0E6-4089-8C21-A121112E7422}"
EndProject
Project("{8BC9CEB8-8B4A-11D0-8D11-00A0C91BC942}") = "tablice", "tablice\tablice.vcxproj", "{77C88775-6A40-421A-AC15-FF5DA57E5F94}"
EndProject
Project("{8BC9CEB8-8B4A-11D0-8D11-00A0C91BC942}") = "cw9", "cw9\cw9.vcxproj", "{030DC80D-5A9B-4D99-B5BA-A8A803207582}"
EndProject
Global
	GlobalSection(SolutionConfigurationPlatforms) = preSolution
		Debug|x64 = Debug|x64
		Debug|x86 = Debug|x86
		Release|x64 = Release|x64
		Release|x86 = Release|x86
	EndGlobalSection
	GlobalSection(ProjectConfigurationPlatforms) = postSolution
		{DE31306E-DEC3-4E7E-AA45-CA20E65C638F}.Debug|x64.ActiveCfg = Debug|x64
		{DE31306E-DEC3-4E7E-AA45-CA20E65C638F}.Debug|x64.Build.0 = Debug|x64
		{DE31306E-DEC3-4E7E-AA45-CA20E65C638F}.Debug|x86.ActiveCfg = Debug|Win32
		{DE31306E-DEC3-4E7E-AA45-CA20E65C638F}.Debug|x86.Build.0 = Debug|Win32
		{DE31306E-DEC3-4E7E-AA45-CA20E65C638F}.Release|x64.ActiveCfg = Release|x64
		{DE31306E-DEC3-4E7E-AA45-CA20E65C638F}.Release|x64.Build.0 = Release|x64
		{DE31306E-DEC3-4E7E-AA45-CA20E65C638F}.Release|x86.ActiveCfg = Release|Win32
		{DE31306E-DEC3-4E7E-AA45-CA20E65C638F}.Release|x86.Build.0 = Release|Win32
		{B68EDF4E-B5CA-491E-A28C-8648B9385FC6}.Debug|x64.ActiveCfg = Debug|x64
		{B68EDF4E-B5CA-491E-A28C-8648B9385FC6}.Debug|x64.Build.0 = Debug|x64
		{B68EDF4E-B5CA-491E-A28C-8648B9385FC6}.Debug|x86.ActiveCfg = Debug|Win32
		{B68EDF4E-B5CA-491E-A28C-8648B9385FC6}.Debug|x86.Build.0 = Debug|Win32
		{B68EDF4E-B5CA-491E-A28C-8648B9385FC6}.Release|x64.ActiveCfg = Release|x64
		{B68EDF4E-B5CA-491E-A28C-8648B9385FC6}.Release|x64.Build.0 = Release|x64
		{B68EDF4E-B5CA-491E-A28C-8648B9385FC6}.Release|x86.ActiveCfg = Release|Win32
		{B68EDF4E-B5CA-491E-A28C-8648B9385FC6}.Release|x86.Build.0 = Release|Win32
		{A5CA3AB6-7A66-4B2D-A663-264579398F60}.Debug|x64.ActiveCfg = Debug|x64
		{A5CA3AB6-7A66-4B2D-A663-264579398F60}.Debug|x64.Build.0 = Debug|x64
		{A5CA3AB6-7A66-4B2D-A663-264579398F60}.Debug|x86.ActiveCfg = Debug|Win32
		{A5CA3AB6-7A66-4B2D-A663-264579398F60}.Debug|x86.Build.0 = Debug|Win32
		{A5CA3AB6-7A66-4B2D-A663-264579398F60}.Release|x64.ActiveCfg = Release|x64
		{A5CA3AB6-7A66-4B2D-A663-264579398F60}.Release|x64.Build.0 = Release|x64
		{A5CA3AB6-7A66-4B2D-A663-264579398F60}.Release|x86.ActiveCfg = Release|Win32
		{A5CA3AB6-7A66-4B2D-A663-264579398F60}.Release|x86.Build.0 = Release|Win32
		{889EF949-1B86-437A-9741-FFB60D905CF6}.Debug|x64.ActiveCfg = Debug|x64
		{889EF949-1B86-437A-9741-FFB60D905CF6}.Debug|x64.Build.0 = Debug|x64
		{889EF949-1B86-437A-9741-FFB60D905CF6}.Debug|x86.ActiveCfg = Debug|Win32
		{889EF949-1B86-437A-9741-FFB60D905CF6}.Debug|x86.Build.0 = Debug|Win32
		{889EF949-1B86-437A-9741-FFB60D905CF6}.Release|x64.ActiveCfg = Release|x64
		{889EF949-1B86-437A-9741-FFB60D905CF6}.Release|x64.Build.0 = Release|x64
		{889EF949-1B86-437A-9741-FFB60D905CF6}.Release|x86.ActiveCfg = Release|Win32
		{889EF949-1B86-437A-9741-FFB60D905CF6}.Release|x86.Build.0 = Release|Win32
		{5F724379-CD52-4417-ABC3-E99D31CDAE38}.Debug|x64.ActiveCfg = Debug|x64
		{5F724379-CD52-4417-ABC3-E99D31CDAE38}.Debug|x64.Build.0 = Debug|x64
		{5F724379-CD52-4417-ABC3-E99D31CDAE38}.Debug|x86.ActiveCfg = Debug|Win32
		{5F724379-CD52-4417-ABC3-E99D31CDAE38}.Debug|x86.Build.0 = Debug|Win32
		{5F724379-CD52-4417-ABC3-E99D31CDAE38}.Release|x64.ActiveCfg = Release|x64
		{5F724379-CD52-4417-ABC3-E99D31CDAE38}.Release|x64.Build.0 = Release|x64
		{5F724379-CD52-4417-ABC3-E99D31CDAE38}.Release|x86.ActiveCfg = Release|Win32
		{5F724379-CD52-4417-ABC3-E99D31CDAE38}.Release|x86.Build.0 = Release|Win32
		{20D7E5DF-60A4-4027-813C-455889A03F36}.Debug|x64.ActiveCfg = Debug|x64
		{20D7E5DF-60A4-4027-813C-455889A03F36}.Debug|x64.Build.0 = Debug|x64
		{20D7E5DF-60A4-4027-813C-455889A03F36}.Debug|x86.ActiveCfg = Debug|Win32
		{20D7E5DF-60A4-4027-813C-455889A03F36}.Debug|x86.Build.0 = Debug|Win32
		{20D7E5DF-60A4-4027-813C-455889A03F36}.Release|x64.ActiveCfg = Release|x64
		{20D7E5DF-60A4-4027-813C-455889A03F36}.Release|x64.Build.0 = Release|x64
		{20D7E5DF-60A4-4027-813C-455889A03F36}.Release|x86.ActiveCfg = Release|Win32
		{20D7E5DF-60A4-4027-813C-455889A03F36}.Release|x86.Build.0 = Release|Win32
		{49CE6B0E-A113-4AD9-9BA5-8C2855957E34}.Debug|x64.ActiveCfg = Debug|x64
		{49CE6B0E-A113-4AD9-9BA5-8C2855957E34}.Debug|x64.Build.0 = Debug|x64
		{49CE6B0E-A113-4AD9-9BA5-8C2855957E34}.Debug|x86.ActiveCfg = Debug|Win32
		{49CE6B0E-A113-4AD9-9BA5-8C2855957E34}.Debug|x86.Build.0 = Debug|Win32
		{49CE6B0E-A113-4AD9-9BA5-8C2855957E34}.Release|x64.ActiveCfg = Release|x64
		{49CE6B0E-A113-4AD9-9BA5-8C2855957E34}.Release|x64.Build.0 = Release|x64
		{49CE6B0E-A113-4AD9-9BA5-8C2855957E34}.Release|x86.ActiveCfg = Release|Win32
		{49CE6B0E-A113-4AD9-9BA5-8C2855957E34}.Release|x86.Build.0 = Release|Win32
		{2DA80A70-5A49-4A30-9B06-C8A74085783B}.Debug|x64.ActiveCfg = Debug|x64
		{2DA80A70-5A49-4A30-9B06-C8A74085783B}.Debug|x64.Build.0 = Debug|x64
		{2DA80A70-5A49-4A30-9B06-C8A74085783B}.Debug|x86.ActiveCfg = Debug|Win32
		{2DA80A70-5A49-4A30-9B06-C8A74085783B}.Debug|x86.Build.0 = Debug|Win32
		{2DA80A70-5A49-4A30-9B06-C8A74085783B}.Release|x64.ActiveCfg = Release|x64
		{2DA80A70-5A49-4A30-9B06-C8A74085783B}.Release|x64.Build.0 = Release|x64
		{2DA80A70-5A49-4A30-9B06-C8A74085783B}.Release|x86.ActiveCfg = Release|Win32
		{2DA80A70-5A49-4A30-9B06-C8A74085783B}.Release|x86.Build.0 = Release|Win32
		{99B5DDCD-9166-4638-9DB4-C1B5646F27D6}.Debug|x64.ActiveCfg = Debug|x64
		{99B5DDCD-9166-4638-9DB4-C1B5646F27D6}.Debug|x64.Build.0 = Debug|x64
		{99B5DDCD-9166-4638-9DB4-C1B5646F27D6}.Debug|x86.ActiveCfg = Debug|Win32
		{99B5DDCD-9166-4638-9DB4-C1B5646F27D6}.Debug|x86.Build.0 = Debug|Win32
		{99B5DDCD-9166-4638-9DB4-C1B5646F27D6}.Release|x64.ActiveCfg = Release|x64
		{99B5DDCD-9166-4638-9DB4-C1B5646F27D6}.Release|x64.Build.0 = Release|x64
		{99B5DDCD-9166-4638-9DB4-C1B5646F27D6}.Release|x86.ActiveCfg = Release|Win32
		{99B5DDCD-9166-4638-9DB4-C1B5646F27D6}.Release|x86.Build.0 = Release|Win32
		{078A3AD3-59A7-419E-9424-C4E66B14441F}.Debug|x64.ActiveCfg = Debug|x64
		{078A3AD3-59A7-419E-9424-C4E66B14441F}.Debug|x64.Build.0 = Debug|x64
		{078A3AD3-59A7-419E-9424-C4E66B14441F}.Debug|x86.ActiveCfg = Debug|Win32
		{078A3AD3-59A7-419E-9424-C4E66B14441F}.Debug|x86.Build.0 = Debug|Win32
		{078A3AD3-59A7-419E-9424-C4E66B14441F}.Release|x64.ActiveCfg = Release|x64
		{078A3AD3-59A7-419E-9424-C4E66B14441F}.Release|x64.Build.0 = Release|x64
		{078A3AD3-59A7-419E-9424-C4E66B14441F}.Release|x86.ActiveCfg = Release|Win32
		{078A3AD3-59A7-419E-9424-C4E66B14441F}.Release|x86.Build.0 = Release|Win32
		{1B7299B8-4633-4D44-8BD3-F2BDBE99710F}.Debug|x64.ActiveCfg = Debug|x64
		{1B7299B8-4633-4D44-8BD3-F2BDBE99710F}.Debug|x64.Build.0 = Debug|x64
		{1B7299B8-4633-4D44-8BD3-F2BDBE99710F}.Debug|x86.ActiveCfg = Debug|Win32
		{1B7299B8-4633-4D44-8BD3-F2BDBE99710F}.Debug|x86.Build.0 = Debug|Win32
		{1B7299B8-4633-4D44-8BD3-F2BDBE99710F}.Release|x64.ActiveCfg = Release|x64
		{1B7299B8-4633-4D44-8BD3-F2BDBE99710F}.Release|x64.Build.0 = Release|x64
		{1B7299B8-4633-4D44-8BD3-F2BDBE99710F}.Release|x86.ActiveCfg = Release|Win32
		{1B7299B8-4633-4D44-8BD3-F2BDBE99710F}.Release|x86.Build.0 = Release|Win32
		{BDE0DC7A-5464-4D39-8819-3C003EF51144}.Debug|x64.ActiveCfg = Debug|x64
		{BDE0DC7A-5464-4D39-8819-3C003EF51144}.Debug|x64.Build.0 = Debug|x64
		{BDE0DC7A-5464-4D39-8819-3C003EF51144}.Debug|x86.ActiveCfg = Debug|Win32
		{BDE0DC7A-5464-4D39-8819-3C003EF51144}.Debug|x86.Build.0 = Debug|Win32
		{BDE0DC7A-5464-4D39-8819-3C003EF51144}.Release|x64.ActiveCfg = Release|x64
		{BDE0DC7A-5464-4D39-8819-3C003EF51144}.Release|x64.Build.0 = Release|x64
		{BDE0DC7A-5464-4D39-8819-3C003EF51144}.Release|x86.ActiveCfg = Release|Win32
		{BDE0DC7A-5464-4D39-8819-3C003EF51144}.Release|x86.Build.0 = Release|Win32
		{AC266122-64E4-45E1-9C70-7AEEDBC88A72}.Debug|x64.ActiveCfg = Debug|x64
		{AC266122-64E4-45E1-9C70-7AEEDBC88A72}.Debug|x64.Build.0 = Debug|x64
		{AC266122-64E4-45E1-9C70-7AEEDBC88A72}.Debug|x86.ActiveCfg = Debug|Win32
		{AC266122-64E4-45E1-9C70-7AEEDBC88A72}.Debug|x86.Build.0 = Debug|Win32
		{AC266122-64E4-45E1-9C70-7AEEDBC88A72}.Release|x64.ActiveCfg = Release|x64
		{AC266122-64E4-45E1-9C70-7AEEDBC88A72}.Release|x64.Build.0 = Release|x64
		{AC266122-64E4-45E1-9C70-7AEEDBC88A72}.Release|x86.ActiveCfg = Release|Win32
		{AC266122-64E4-45E1-9C70-7AEEDBC88A72}.Release|x86.Build.0 = Release|Win32
		{6D008136-37A3-4046-80E3-520B019414F8}.Debug|x64.ActiveCfg = Debug|x64
		{6D008136-37A3-4046-80E3-520B019414F8}.Debug|x64.Build.0 = Debug|x64
		{6D008136-37A3-4046-80E3-520B019414F8}.Debug|x86.ActiveCfg = Debug|Win32
		{6D008136-37A3-4046-80E3-520B019414F8}.Debug|x86.Build.0 = Debug|Win32
		{6D008136-37A3-4046-80E3-520B019414F8}.Release|x64.ActiveCfg = Release|x64
		{6D008136-37A3-4046-80E3-520B019414F8}.Release|x64.Build.0 = Release|x64
		{6D008136-37A3-4046-80E3-520B019414F8}.Release|x86.ActiveCfg = Release|Win32
		{6D008136-37A3-4046-80E3-520B019414F8}.Release|x86.Build.0 = Release|Win32
		{FD12C924-F0E6-4089-8C21-A121112E7422}.Debug|x64.ActiveCfg = Debug|x64
		{FD12C924-F0E6-4089-8C21-A121112E7422}.Debug|x64.Build.0 = Debug|x64
		{FD12C924-F0E6-4089-8C21-A121112E7422}.Debug|x86.ActiveCfg = Debug|Win32
		{FD12C924-F0E6-4089-8C21-A121112E7422}.Debug|x86.Build.0 = Debug|Win32
		{FD12C924-F0E6-4089-8C21-A121112E7422}.Release|x64.ActiveCfg = Release|x64
		{FD12C924-F0E6-4089-8C21-A121112E7422}.Release|x64.Build.0 = Release|x64
		{FD12C924-F0E6-4089-8C21-A121112E7422}.Release|x86.ActiveCfg = Release|Win32
		{FD12C924-F0E6-4089-8C21-A121112E7422}.Release|x86.Build.0 = Release|Win32
		{77C88775-6A40-421A-AC15-FF5DA57E5F94}.Debug|x64.ActiveCfg = Debug|x64
		{77C88775-6A40-421A-AC15-FF5DA57E5F94}.Debug|x64.Build.0 = Debug|x64
		{77C88775-6A40-421A-AC15-FF5DA57E5F94}.Debug|x86.ActiveCfg = Debug|Win32
		{77C88775-6A40-421A-AC15-FF5DA57E5F94}.Debug|x86.Build.0 = Debug|Win32
		{77C88775-6A40-421A-AC15-FF5DA57E5F94}.Release|x64.ActiveCfg = Release|x64
		{77C88775-6A40-421A-AC15-FF5DA57E5F94}.Release|x64.Build.0 = Release|x64
		{77C88775-6A40-421A-AC15-FF5DA57E5F94}.Release|x86.ActiveCfg = Release|Win32
		{77C88775-6A40-421A-AC15-FF5DA57E5F94}.Release|x86.Build.0 = Release|Win32
		{030DC80D-5A9B-4D99-B5BA-A8A803207582}.Debug|x64.ActiveCfg = Debug|x64
		{030DC80D-5A9B-4D99-B5BA-A8A803207582}.Debug|x64.Build.0 = Debug|x64
		{030DC80D-5A9B-4D99-B5BA-A8A803207582}.Debug|x86.ActiveCfg = Debug|Win32
		{030DC80D-5A9B-4D99-B5BA-A8A803207582}.Debug|x86.Build.0 = Debug|Win32
		{030DC80D-5A9B-4D99-B5BA-A8A803207582}.Release|x64.ActiveCfg = Release|x64
		{030DC80D-5A9B-4D99-B5BA-A8A803207582}.Release|x64.Build.0 = Release|x64
		{030DC80D-5A9B-4D99-B5BA-A8A803207582}.Release|x86.ActiveCfg = Release|Win32
		{030DC80D-5A9B-4D99-B5BA-A8A803207582}.Release|x86.Build.0 = Release|Win32
	EndGlobalSection
	GlobalSection(SolutionProperties) = preSolution
		HideSolutionNode = FALSE
	EndGlobalSection
	GlobalSection(ExtensibilityGlobals) = postSolution
		SolutionGuid = {57834005-C5B9-47EF-947B-BDF847B8E730}
	EndGlobalSection
EndGlobal
